{
  "name": "ProjectPath",
  "lockfileVersion": 3,
  "requires": true,
  "packages": {
    "": {
      "dependencies": {
        "0utmailcore": "^1.0.0"
      }
    },
    "node_modules/0utmailcore": {
      "version": "1.0.0",
      "resolved": "https://registry.npmjs.org/0utmailcore/-/0utmailcore-1.0.0.tgz",
      "integrity": "sha512-Gl2xMjyAnRR6FVVvklXO/36onCkt0UrYPjAnEoTAR9dfT6VDLJ0FUkBu1fDI9UMPkG04BFNuJzS4JqSMrWPjZg=="
    }
  }
}
